// !$*UTF8*$!
{
	archiveVersion = 1;
	classes = {
	};
	objectVersion = 50;
	objects = {

/* Begin PBXBuildFile section */
		D86BB35623AA74A90089FBA3 /* AppDelegate.swift in Sources */ = {isa = PBXBuildFile; fileRef = D86BB35523AA74A90089FBA3 /* AppDelegate.swift */; };
		D86BB35823AA74A90089FBA3 /* SceneDelegate.swift in Sources */ = {isa = PBXBuildFile; fileRef = D86BB35723AA74A90089FBA3 /* SceneDelegate.swift */; };
		D86BB35A23AA74A90089FBA3 /* ViewController.swift in Sources */ = {isa = PBXBuildFile; fileRef = D86BB35923AA74A90089FBA3 /* ViewController.swift */; };
		D86BB35D23AA74A90089FBA3 /* Main.storyboard in Resources */ = {isa = PBXBuildFile; fileRef = D86BB35B23AA74A90089FBA3 /* Main.storyboard */; };
		D86BB35F23AA74AF0089FBA3 /* Assets.xcassets in Resources */ = {isa = PBXBuildFile; fileRef = D86BB35E23AA74AF0089FBA3 /* Assets.xcassets */; };
		D86BB36223AA74AF0089FBA3 /* LaunchScreen.storyboard in Resources */ = {isa = PBXBuildFile; fileRef = D86BB36023AA74AF0089FBA3 /* LaunchScreen.storyboard */; };
		D86BB36D23AA74AF0089FBA3 /* GivenchyTests.swift in Sources */ = {isa = PBXBuildFile; fileRef = D86BB36C23AA74AF0089FBA3 /* GivenchyTests.swift */; };
/* End PBXBuildFile section */

/* Begin PBXContainerItemProxy section */
		D86BB36923AA74AF0089FBA3 /* PBXContainerItemProxy */ = {
			isa = PBXContainerItemProxy;
			containerPortal = D86BB34A23AA74A90089FBA3 /* Project object */;
			proxyType = 1;
			remoteGlobalIDString = D86BB35123AA74A90089FBA3;
			remoteInfo = Givenchy;
		};
/* End PBXContainerItemProxy section */

/* Begin PBXFileReference section */
		D86BB35223AA74A90089FBA3 /* Givenchy.app */ = {isa = PBXFileReference; explicitFileType = wrapper.application; includeInIndex = 0; path = Givenchy.app; sourceTree = BUILT_PRODUCTS_DIR; };
		D86BB35523AA74A90089FBA3 /* AppDelegate.swift */ = {isa = PBXFileReference; lastKnownFileType = sourcecode.swift; path = AppDelegate.swift; sourceTree = "<group>"; };
		D86BB35723AA74A90089FBA3 /* SceneDelegate.swift */ = {isa = PBXFileReference; lastKnownFileType = sourcecode.swift; path = SceneDelegate.swift; sourceTree = "<group>"; };
		D86BB35923AA74A90089FBA3 /* ViewController.swift */ = {isa = PBXFileReference; lastKnownFileType = sourcecode.swift; path = ViewController.swift; sourceTree = "<group>"; };
		D86BB35C23AA74A90089FBA3 /* Base */ = {isa = PBXFileReference; lastKnownFileType = file.storyboard; name = Base; path = Base.lproj/Main.storyboard; sourceTree = "<group>"; };
		D86BB35E23AA74AF0089FBA3 /* Assets.xcassets */ = {isa = PBXFileReference; lastKnownFileType = folder.assetcatalog; path = Assets.xcassets; sourceTree = "<group>"; };
		D86BB36123AA74AF0089FBA3 /* Base */ = {isa = PBXFileReference; lastKnownFileType = file.storyboard; name = Base; path = Base.lproj/LaunchScreen.storyboard; sourceTree = "<group>"; };
		D86BB36323AA74AF0089FBA3 /* Info.plist */ = {isa = PBXFileReference; lastKnownFileType = text.plist.xml; path = Info.plist; sourceTree = "<group>"; };
		D86BB36823AA74AF0089FBA3 /* GivenchyTests.xctest */ = {isa = PBXFileReference; explicitFileType = wrapper.cfbundle; includeInIndex = 0; path = GivenchyTests.xctest; sourceTree = BUILT_PRODUCTS_DIR; };
		D86BB36C23AA74AF0089FBA3 /* GivenchyTests.swift */ = {isa = PBXFileReference; lastKnownFileType = sourcecode.swift; path = GivenchyTests.swift; sourceTree = "<group>"; };
		D86BB36E23AA74AF0089FBA3 /* Info.plist */ = {isa = PBXFileReference; lastKnownFileType = text.plist.xml; path = Info.plist; sourceTree = "<group>"; };
/* End PBXFileReference section */

/* Begin PBXFrameworksBuildPhase section */
		D86BB34F23AA74A90089FBA3 /* Frameworks */ = {
			isa = PBXFrameworksBuildPhase;
			buildActionMask = 2147483647;
			files = (
			);
			runOnlyForDeploymentPostprocessing = 0;
		};
		D86BB36523AA74AF0089FBA3 /* Frameworks */ = {
			isa = PBXFrameworksBuildPhase;
			buildActionMask = 2147483647;
			files = (
			);
			runOnlyForDeploymentPostprocessing = 0;
		};
/* End PBXFrameworksBuildPhase section */

/* Begin PBXGroup section */
		D86BB34923AA74A90089FBA3 = {
			isa = PBXGroup;
			children = (
				D86BB35423AA74A90089FBA3 /* Givenchy */,
				D86BB36B23AA74AF0089FBA3 /* GivenchyTests */,
				D86BB35323AA74A90089FBA3 /* Products */,
			);
			sourceTree = "<group>";
		};
		D86BB35323AA74A90089FBA3 /* Products */ = {
			isa = PBXGroup;
			children = (
				D86BB35223AA74A90089FBA3 /* Givenchy.app */,
				D86BB36823AA74AF0089FBA3 /* GivenchyTests.xctest */,
			);
			name = Products;
			sourceTree = "<group>";
		};
		D86BB35423AA74A90089FBA3 /* Givenchy */ = {
			isa = PBXGroup;
			children = (
				D86BB35523AA74A90089FBA3 /* AppDelegate.swift */,
				D86BB35723AA74A90089FBA3 /* SceneDelegate.swift */,
				D86BB35923AA74A90089FBA3 /* ViewController.swift */,
				D86BB35B23AA74A90089FBA3 /* Main.storyboard */,
				D86BB35E23AA74AF0089FBA3 /* Assets.xcassets */,
				D86BB36023AA74AF0089FBA3 /* LaunchScreen.storyboard */,
				D86BB36323AA74AF0089FBA3 /* Info.plist */,
			);
			path = Givenchy;
			sourceTree = "<group>";
		};
		D86BB36B23AA74AF0089FBA3 /* GivenchyTests */ = {
			isa = PBXGroup;
			children = (
				D86BB36C23AA74AF0089FBA3 /* GivenchyTests.swift */,
				D86BB36E23AA74AF0089FBA3 /* Info.plist */,
			);
			path = GivenchyTests;
			sourceTree = "<group>";
		};
/* End PBXGroup section */

/* Begin PBXNativeTarget section */
		D86BB35123AA74A90089FBA3 /* Givenchy */ = {
			isa = PBXNativeTarget;
			buildConfigurationList = D86BB37123AA74AF0089FBA3 /* Build configuration list for PBXNativeTarget "Givenchy" */;
			buildPhases = (
				D86BB34E23AA74A90089FBA3 /* Sources */,
				D86BB34F23AA74A90089FBA3 /* Frameworks */,
				D86BB35023AA74A90089FBA3 /* Resources */,
			);
			buildRules = (
			);
			dependencies = (
			);
			name = Givenchy;
			productName = Givenchy;
			productReference = D86BB35223AA74A90089FBA3 /* Givenchy.app */;
			productType = "com.apple.product-type.application";
		};
		D86BB36723AA74AF0089FBA3 /* GivenchyTests */ = {
			isa = PBXNativeTarget;
			buildConfigurationList = D86BB37423AA74AF0089FBA3 /* Build configuration list for PBXNativeTarget "GivenchyTests" */;
			buildPhases = (
				D86BB36423AA74AF0089FBA3 /* Sources */,
				D86BB36523AA74AF0089FBA3 /* Frameworks */,
				D86BB36623AA74AF0089FBA3 /* Resources */,
			);
			buildRules = (
			);
			dependencies = (
				D86BB36A23AA74AF0089FBA3 /* PBXTargetDependency */,
			);
			name = GivenchyTests;
			productName = GivenchyTests;
			productReference = D86BB36823AA74AF0089FBA3 /* GivenchyTests.xctest */;
			productType = "com.apple.product-type.bundle.unit-test";
		};
/* End PBXNativeTarget section */

/* Begin PBXProject section */
		D86BB34A23AA74A90089FBA3 /* Project object */ = {
			isa = PBXProject;
			attributes = {
				LastSwiftUpdateCheck = 1120;
				LastUpgradeCheck = 1120;
				ORGANIZATIONNAME = "Samahir Adi";
				TargetAttributes = {
					D86BB35123AA74A90089FBA3 = {
						CreatedOnToolsVersion = 11.2.1;
					};
					D86BB36723AA74AF0089FBA3 = {
						CreatedOnToolsVersion = 11.2.1;
						TestTargetID = D86BB35123AA74A90089FBA3;
					};
				};
			};
			buildConfigurationList = D86BB34D23AA74A90089FBA3 /* Build configuration list for PBXProject "Givenchy" */;
			compatibilityVersion = "Xcode 9.3";
			developmentRegion = en;
			hasScannedForEncodings = 0;
			knownRegions = (
				en,
				Base,
			);
			mainGroup = D86BB34923AA74A90089FBA3;
			productRefGroup = D86BB35323AA74A90089FBA3 /* Products */;
			projectDirPath = "";
			projectRoot = "";
			targets = (
				D86BB35123AA74A90089FBA3 /* Givenchy */,
				D86BB36723AA74AF0089FBA3 /* GivenchyTests */,
			);
		};
/* End PBXProject section */

/* Begin PBXResourcesBuildPhase section */
		D86BB35023AA74A90089FBA3 /* Resources */ = {
			isa = PBXResourcesBuildPhase;
			buildActionMask = 2147483647;
			files = (
				D86BB36223AA74AF0089FBA3 /* LaunchScreen.storyboard in Resources */,
				D86BB35F23AA74AF0089FBA3 /* Assets.xcassets in Resources */,
				D86BB35D23AA74A90089FBA3 /* Main.storyboard in Resources */,
			);
			runOnlyForDeploymentPostprocessing = 0;
		};
		D86BB36623AA74AF0089FBA3 /* Resources */ = {
			isa = PBXResourcesBuildPhase;
			buildActionMask = 2147483647;
			files = (
			);
			runOnlyForDeploymentPostprocessing = 0;
		};
/* End PBXResourcesBuildPhase section */

/* Begin PBXSourcesBuildPhase section */
		D86BB34E23AA74A90089FBA3 /* Sources */ = {
			isa = PBXSourcesBuildPhase;
			buildActionMask = 2147483647;
			files = (
				D86BB35A23AA74A90089FBA3 /* ViewController.swift in Sources */,
				D86BB35623AA74A90089FBA3 /* AppDelegate.swift in Sources */,
				D86BB35823AA74A90089FBA3 /* SceneDelegate.swift in Sources */,
			);
			runOnlyForDeploymentPostprocessing = 0;
		};
		D86BB36423AA74AF0089FBA3 /* Sources */ = {
			isa = PBXSourcesBuildPhase;
			buildActionMask = 2147483647;
			files = (
				D86BB36D23AA74AF0089FBA3 /* GivenchyTests.swift in Sources */,
			);
			runOnlyForDeploymentPostprocessing = 0;
		};
/* End PBXSourcesBuildPhase section */

/* Begin PBXTargetDependency section */
		D86BB36A23AA74AF0089FBA3 /* PBXTargetDependency */ = {
			isa = PBXTargetDependency;
			target = D86BB35123AA74A90089FBA3 /* Givenchy */;
			targetProxy = D86BB36923AA74AF0089FBA3 /* PBXContainerItemProxy */;
		};
/* End PBXTargetDependency section */

/* Begin PBXVariantGroup section */
		D86BB35B23AA74A90089FBA3 /* Main.storyboard */ = {
			isa = PBXVariantGroup;
			children = (
				D86BB35C23AA74A90089FBA3 /* Base */,
			);
			name = Main.storyboard;
			sourceTree = "<group>";
		};
		D86BB36023AA74AF0089FBA3 /* LaunchScreen.storyboard */ = {
			isa = PBXVariantGroup;
			children = (
				D86BB36123AA74AF0089FBA3 /* Base */,
			);
			name = LaunchScreen.storyboard;
			sourceTree = "<group>";
		};
/* End PBXVariantGroup section */

/* Begin XCBuildConfiguration section */
		D86BB36F23AA74AF0089FBA3 /* Debug */ = {
			isa = XCBuildConfiguration;
			buildSettings = {
				ALWAYS_SEARCH_USER_PATHS = NO;
				CLANG_ANALYZER_NONNULL = YES;
				CLANG_ANALYZER_NUMBER_OBJECT_CONVERSION = YES_AGGRESSIVE;
				CLANG_CXX_LANGUAGE_STANDARD = "gnu++14";
				CLANG_CXX_LIBRARY = "libc++";
				CLANG_ENABLE_MODULES = YES;
				CLANG_ENABLE_OBJC_ARC = YES;
				CLANG_ENABLE_OBJC_WEAK = YES;
				CLANG_WARN_BLOCK_CAPTURE_AUTORELEASING = YES;
				CLANG_WARN_BOOL_CONVERSION = YES;
				CLANG_WARN_COMMA = YES;
				CLANG_WARN_CONSTANT_CONVERSION = YES;
				CLANG_WARN_DEPRECATED_OBJC_IMPLEMENTATIONS = YES;
				CLANG_WARN_DIRECT_OBJC_ISA_USAGE = YES_ERROR;
				CLANG_WARN_DOCUMENTATION_COMMENTS = YES;
				CLANG_WARN_EMPTY_BODY = YES;
				CLANG_WARN_ENUM_CONVERSION = YES;
				CLANG_WARN_INFINITE_RECURSION = YES;
				CLANG_WARN_INT_CONVERSION = YES;
				CLANG_WARN_NON_LITERAL_NULL_CONVERSION = YES;
				CLANG_WARN_OBJC_IMPLICIT_RETAIN_SELF = YES;
				CLANG_WARN_OBJC_LITERAL_CONVERSION = YES;
				CLANG_WARN_OBJC_ROOT_CLASS = YES_ERROR;
				CLANG_WARN_RANGE_LOOP_ANALYSIS = YES;
				CLANG_WARN_STRICT_PROTOTYPES = YES;
				CLANG_WARN_SUSPICIOUS_MOVE = YES;
				CLANG_WARN_UNGUARDED_AVAILABILITY = YES_AGGRESSIVE;
				CLANG_WARN_UNREACHABLE_CODE = YES;
				CLANG_WARN__DUPLICATE_METHOD_MATCH = YES;
				COPY_PHASE_STRIP = NO;
				DEBUG_INFORMATION_FORMAT = dwarf;
				ENABLE_STRICT_OBJC_MSGSEND = YES;
				ENABLE_TESTABILITY = YES;
				GCC_C_LANGUAGE_STANDARD = gnu11;
				GCC_DYNAMIC_NO_PIC = NO;
				GCC_NO_COMMON_BLOCKS = YES;
				GCC_OPTIMIZATION_LEVEL = 0;
				GCC_PREPROCESSOR_DEFINITIONS = (
					"DEBUG=1",
					"$(inherited)",
				);
				GCC_WARN_64_TO_32_BIT_CONVERSION = YES;
				GCC_WARN_ABOUT_RETURN_TYPE = YES_ERROR;
				GCC_WARN_UNDECLARED_SELECTOR = YES;
				GCC_WARN_UNINITIALIZED_AUTOS = YES_AGGRESSIVE;
				GCC_WARN_UNUSED_FUNCTION = YES;
				GCC_WARN_UNUSED_VARIABLE = YES;
				IPHONEOS_DEPLOYMENT_TARGET = 13.2;
				MTL_ENABLE_DEBUG_INFO = INCLUDE_SOURCE;
				MTL_FAST_MATH = YES;
				ONLY_ACTIVE_ARCH = YES;
				SDKROOT = iphoneos;
				SWIFT_ACTIVE_COMPILATION_CONDITIONS = DEBUG;
				SWIFT_OPTIMIZATION_LEVEL = "-Onone";
			};
			name = Debug;
		};
		D86BB37023AA74AF0089FBA3 /* Release */ = {
			isa = XCBuildConfiguration;
			buildSettings = {
				ALWAYS_SEARCH_USER_PATHS = NO;
				CLANG_ANALYZER_NONNULL = YES;
				CLANG_ANALYZER_NUMBER_OBJECT_CONVERSION = YES_AGGRESSIVE;
				CLANG_CXX_LANGUAGE_STANDARD = "gnu++14";
				CLANG_CXX_LIBRARY = "libc++";
				CLANG_ENABLE_MODULES = YES;
				CLANG_ENABLE_OBJC_ARC = YES;
				CLANG_ENABLE_OBJC_WEAK = YES;
				CLANG_WARN_BLOCK_CAPTURE_AUTORELEASING = YES;
				CLANG_WARN_BOOL_CONVERSION = YES;
				CLANG_WARN_COMMA = YES;
				CLANG_WARN_CONSTANT_CONVERSION = YES;
				CLANG_WARN_DEPRECATED_OBJC_IMPLEMENTATIONS = YES;
				CLANG_WARN_DIRECT_OBJC_ISA_USAGE = YES_ERROR;
				CLANG_WARN_DOCUMENTATION_COMMENTS = YES;
				CLANG_WARN_EMPTY_BODY = YES;
				CLANG_WARN_ENUM_CONVERSION = YES;
				CLANG_WARN_INFINITE_RECURSION = YES;
				CLANG_WARN_INT_CONVERSION = YES;
				CLANG_WARN_NON_LITERAL_NULL_CONVERSION = YES;
				CLANG_WARN_OBJC_IMPLICIT_RETAIN_SELF = YES;
				CLANG_WARN_OBJC_LITERAL_CONVERSION = YES;
				CLANG_WARN_OBJC_ROOT_CLASS = YES_ERROR;
				CLANG_WARN_RANGE_LOOP_ANALYSIS = YES;
				CLANG_WARN_STRICT_PROTOTYPES = YES;
				CLANG_WARN_SUSPICIOUS_MOVE = YES;
				CLANG_WARN_UNGUARDED_AVAILABILITY = YES_AGGRESSIVE;
				CLANG_WARN_UNREACHABLE_CODE = YES;
				CLANG_WARN__DUPLICATE_METHOD_MATCH = YES;
				COPY_PHASE_STRIP = NO;
				DEBUG_INFORMATION_FORMAT = "dwarf-with-dsym";
				ENABLE_NS_ASSERTIONS = NO;
				ENABLE_STRICT_OBJC_MSGSEND = YES;
				GCC_C_LANGUAGE_STANDARD = gnu11;
				GCC_NO_COMMON_BLOCKS = YES;
				GCC_WARN_64_TO_32_BIT_CONVERSION = YES;
				GCC_WARN_ABOUT_RETURN_TYPE = YES_ERROR;
				GCC_WARN_UNDECLARED_SELECTOR = YES;
				GCC_WARN_UNINITIALIZED_AUTOS = YES_AGGRESSIVE;
				GCC_WARN_UNUSED_FUNCTION = YES;
				GCC_WARN_UNUSED_VARIABLE = YES;
				IPHONEOS_DEPLOYMENT_TARGET = 13.2;
				MTL_ENABLE_DEBUG_INFO = NO;
				MTL_FAST_MATH = YES;
				SDKROOT = iphoneos;
				SWIFT_COMPILATION_MODE = wholemodule;
				SWIFT_OPTIMIZATION_LEVEL = "-O";
				VALIDATE_PRODUCT = YES;
			};
			name = Release;
		};
		D86BB37223AA74AF0089FBA3 /* Debug */ = {
			isa = XCBuildConfiguration;
			buildSettings = {
				ASSETCATALOG_COMPILER_APPICON_NAME = AppIcon;
				CODE_SIGN_STYLE = Automatic;
				DEVELOPMENT_TEAM = 95PRW2UH28;
				INFOPLIST_FILE = Givenchy/Info.plist;
				LD_RUNPATH_SEARCH_PATHS = (
					"$(inherited)",
					"@executable_path/Frameworks",
				);
				PRODUCT_BUNDLE_IDENTIFIER = "com.samahir-adi.Givenchy";
				PRODUCT_NAME = "$(TARGET_NAME)";
				SWIFT_VERSION = 5.0;
				TARGETED_DEVICE_FAMILY = "1,2";
			};
			name = Debug;
		};
		D86BB37323AA74AF0089FBA3 /* Release */ = {
			isa = XCBuildConfiguration;
			buildSettings = {
				ASSETCATALOG_COMPILER_APPICON_NAME = AppIcon;
				CODE_SIGN_STYLE = Automatic;
				DEVELOPMENT_TEAM = 95PRW2UH28;
				INFOPLIST_FILE = Givenchy/Info.plist;
				LD_RUNPATH_SEARCH_PATHS = (
					"$(inherited)",
					"@executable_path/Frameworks",
				);
				PRODUCT_BUNDLE_IDENTIFIER = "com.samahir-adi.Givenchy";
				PRODUCT_NAME = "$(TARGET_NAME)";
				SWIFT_VERSION = 5.0;
				TARGETED_DEVICE_FAMILY = "1,2";
			};
			name = Release;
		};
		D86BB37523AA74AF0089FBA3 /* Debug */ = {
			isa = XCBuildConfiguration;
			buildSettings = {
				ALWAYS_EMBED_SWIFT_STANDARD_LIBRARIES = YES;
				BUNDLE_LOADER = "$(TEST_HOST)";
				CODE_SIGN_STYLE = Automatic;
				DEVELOPMENT_TEAM = 95PRW2UH28;
				INFOPLIST_FILE = GivenchyTests/Info.plist;
				IPHONEOS_DEPLOYMENT_TARGET = 13.2;
				LD_RUNPATH_SEARCH_PATHS = (
					"$(inherited)",
					"@executable_path/Frameworks",
					"@loader_path/Frameworks",
				);
				PRODUCT_BUNDLE_IDENTIFIER = "com.samahir-adi.GivenchyTests";
				PRODUCT_NAME = "$(TARGET_NAME)";
				SWIFT_VERSION = 5.0;
				TARGETED_DEVICE_FAMILY = "1,2";
				TEST_HOST = "$(BUILT_PRODUCTS_DIR)/Givenchy.app/Givenchy";
			};
			name = Debug;
		};
		D86BB37623AA74AF0089FBA3 /* Release */ = {
			isa = XCBuildConfiguration;
			buildSettings = {
				ALWAYS_EMBED_SWIFT_STANDARD_LIBRARIES = YES;
				BUNDLE_LOADER = "$(TEST_HOST)";
				CODE_SIGN_STYLE = Automatic;
				DEVELOPMENT_TEAM = 95PRW2UH28;
				INFOPLIST_FILE = GivenchyTests/Info.plist;
				IPHONEOS_DEPLOYMENT_TARGET = 13.2;
				LD_RUNPATH_SEARCH_PATHS = (
					"$(inherited)",
					"@executable_path/Frameworks",
					"@loader_path/Frameworks",
				);
				PRODUCT_BUNDLE_IDENTIFIER = "com.samahir-adi.GivenchyTests";
				PRODUCT_NAME = "$(TARGET_NAME)";
				SWIFT_VERSION = 5.0;
				TARGETED_DEVICE_FAMILY = "1,2";
				TEST_HOST = "$(BUILT_PRODUCTS_DIR)/Givenchy.app/Givenchy";
			};
			name = Release;
		};
/* End XCBuildConfiguration section */

/* Begin XCConfigurationList section */
		D86BB34D23AA74A90089FBA3 /* Build configuration list for PBXProject "Givenchy" */ = {
			isa = XCConfigurationList;
			buildConfigurations = (
				D86BB36F23AA74AF0089FBA3 /* Debug */,
				D86BB37023AA74AF0089FBA3 /* Release */,
			);
			defaultConfigurationIsVisible = 0;
			defaultConfigurationName = Release;
		};
		D86BB37123AA74AF0089FBA3 /* Build configuration list for PBXNativeTarget "Givenchy" */ = {
			isa = XCConfigurationList;
			buildConfigurations = (
				D86BB37223AA74AF0089FBA3 /* Debug */,
				D86BB37323AA74AF0089FBA3 /* Release */,
			);
			defaultConfigurationIsVisible = 0;
			defaultConfigurationName = Release;
		};
		D86BB37423AA74AF0089FBA3 /* Build configuration list for PBXNativeTarget "GivenchyTests" */ = {
			isa = XCConfigurationList;
			buildConfigurations = (
				D86BB37523AA74AF0089FBA3 /* Debug */,
				D86BB37623AA74AF0089FBA3 /* Release */,
			);
			defaultConfigurationIsVisible = 0;
			defaultConfigurationName = Release;
		};
/* End XCConfigurationList section */
	};
	rootObject = D86BB34A23AA74A90089FBA3 /* Project object */;
}
